<?xml version="1.0" encoding="utf-8"?>
<Project ToolsVersion="4.0" xmlns="http://schemas.microsoft.com/developer/msbuild/2003">
  <ItemGroup>
    <Filter Include="Source Files">
      <UniqueIdentifier>{4FC737F1-C7A5-4376-A066-2A32D752A2FF}</UniqueIdentifier>
      <Extensions>cpp;c;cc;cxx;c++;cppm;ixx;def;odl;idl;hpj;bat;asm;asmx</Extensions>
    </Filter>
    <Filter Include="Header Files">
      <UniqueIdentifier>{93995380-89BD-4b04-88EB-625FBE52EBFB}</UniqueIdentifier>
      <Extensions>h;hh;hpp;hxx;h++;hm;inl;inc;ipp;xsd</Extensions>
    </Filter>
    <Filter Include="Resource Files">
      <UniqueIdentifier>{67DA6AB6-F800-4c08-8B7A-83BB121AAD01}</UniqueIdentifier>
      <Extensions>rc;ico;cur;bmp;dlg;rc2;rct;bin;rgs;gif;jpg;jpeg;jpe;resx;tiff;tif;png;wav;mfcribbon-ms</Extensions>
    </Filter>
    <Filter Include="Header Files\ImGui">
      <UniqueIdentifier>{3f6718be-3162-4864-81ed-841f992b1863}</UniqueIdentifier>
    </Filter>
    <Filter Include="Source Files\utils">
      <UniqueIdentifier>{044ca4ff-5ca1-422b-912a-72e5ae6b504a}</UniqueIdentifier>
    </Filter>
    <Filter Include="Source Files\gui">
      <UniqueIdentifier>{4a0f88f0-6612-44c8-a3a3-922f465072e8}</UniqueIdentifier>
    </Filter>
    <Filter Include="Source Files\overlay">
      <UniqueIdentifier>{9c54fff4-2dc4-4f8f-9b41-7b6e373041fa}</UniqueIdentifier>
    </Filter>
    <Filter Include="Source Files\hooks">
      <UniqueIdentifier>{f719d363-734b-41fa-b15d-8a3bb3e00b1c}</UniqueIdentifier>
    </Filter>
    <Filter Include="Source Files\client">
      <UniqueIdentifier>{59efeaa1-395d-4b93-bd9d-4eb7134f478a}</UniqueIdentifier>
    </Filter>
    <Filter Include="Source Files\server">
      <UniqueIdentifier>{6304f7cf-e5de-4ec3-aa4d-827689c67a7f}</UniqueIdentifier>
    </Filter>
    <Filter Include="Source Files\network">
      <UniqueIdentifier>{88a2fe86-a7ea-465a-99ef-41ee4c5078a1}</UniqueIdentifier>
    </Filter>
    <Filter Include="Source Files\config">
      <UniqueIdentifier>{89bd635e-0e14-4146-bcaa-b48701d6ce4d}</UniqueIdentifier>
    </Filter>
    <Filter Include="Header Files\Garnet">
      <UniqueIdentifier>{49dc7c02-54a8-44a8-8270-1dc5de6233f8}</UniqueIdentifier>
    </Filter>
  </ItemGroup>
  <ItemGroup>
    <ClInclude Include="include\ImGui\imconfig.h">
      <Filter>Header Files\ImGui</Filter>
    </ClInclude>
    <ClInclude Include="include\ImGui\imgui.h">
      <Filter>Header Files\ImGui</Filter>
    </ClInclude>
    <ClInclude Include="include\ImGui\imgui_impl_dx9.h">
      <Filter>Header Files\ImGui</Filter>
    </ClInclude>
    <ClInclude Include="include\ImGui\imgui_impl_win32.h">
      <Filter>Header Files\ImGui</Filter>
    </ClInclude>
    <ClInclude Include="include\ImGui\imgui_internal.h">
      <Filter>Header Files\ImGui</Filter>
    </ClInclude>
    <ClInclude Include="include\ImGui\imstb_rectpack.h">
      <Filter>Header Files\ImGui</Filter>
    </ClInclude>
    <ClInclude Include="include\ImGui\imstb_textedit.h">
      <Filter>Header Files\ImGui</Filter>
    </ClInclude>
    <ClInclude Include="include\ImGui\imstb_truetype.h">
      <Filter>Header Files\ImGui</Filter>
    </ClInclude>
    <ClInclude Include="include\framework.h">
      <Filter>Header Files</Filter>
    </ClInclude>
    <ClInclude Include="include\ntdll.h">
      <Filter>Header Files</Filter>
    </ClInclude>
    <ClInclude Include="src\utils\mem.h">
      <Filter>Source Files\utils</Filter>
    </ClInclude>
    <ClInclude Include="src\gui\imguistyle.h">
      <Filter>Source Files\gui</Filter>
    </ClInclude>
    <ClInclude Include="src\overlay\overlay.h">
      <Filter>Source Files\overlay</Filter>
    </ClInclude>
    <ClInclude Include="src\overlay\dx9hook.h">
      <Filter>Source Files\overlay</Filter>
    </ClInclude>
    <ClInclude Include="src\overlay\dinputhook.h">
      <Filter>Source Files\overlay</Filter>
    </ClInclude>
    <ClInclude Include="src\gui\gui.h">
      <Filter>Source Files\gui</Filter>
    </ClInclude>
    <ClInclude Include="src\hooks\hooks.h">
      <Filter>Source Files\hooks</Filter>
    </ClInclude>
    <ClInclude Include="src\hooks\selectbms.h">
      <Filter>Source Files\hooks</Filter>
    </ClInclude>
    <ClInclude Include="src\hooks\score.h">
      <Filter>Source Files\hooks</Filter>
    </ClInclude>
    <ClInclude Include="src\hooks\pacemaker.h">
      <Filter>Source Files\hooks</Filter>
    </ClInclude>
    <ClInclude Include="src\hooks\random.h">
      <Filter>Source Files\hooks</Filter>
    </ClInclude>
    <ClInclude Include="src\hooks\loadingdone.h">
      <Filter>Source Files\hooks</Filter>
    </ClInclude>
    <ClInclude Include="src\hooks\returnmenu.h">
      <Filter>Source Files\hooks</Filter>
    </ClInclude>
    <ClInclude Include="src\client\client.h">
      <Filter>Source Files\client</Filter>
    </ClInclude>
    <ClInclude Include="src\server\server.h">
      <Filter>Source Files\server</Filter>
    </ClInclude>
    <ClInclude Include="src\network\enums.h">
      <Filter>Source Files\network</Filter>
    </ClInclude>
    <ClInclude Include="src\network\structs.h">
      <Filter>Source Files\network</Filter>
    </ClInclude>
    <ClInclude Include="src\utils\misc.h">
      <Filter>Source Files\utils</Filter>
    </ClInclude>
    <ClInclude Include="src\gui\mainwindow.h">
      <Filter>Source Files\gui</Filter>
    </ClInclude>
    <ClInclude Include="src\gui\graph.h">
      <Filter>Source Files\gui</Filter>
    </ClInclude>
    <ClInclude Include="include\ImGui\implot.h">
      <Filter>Header Files\ImGui</Filter>
    </ClInclude>
    <ClInclude Include="include\ImGui\implot_internal.h">
      <Filter>Header Files\ImGui</Filter>
    </ClInclude>
    <ClInclude Include="src\hooks\maxscore.h">
      <Filter>Source Files\hooks</Filter>
    </ClInclude>
    <ClInclude Include="include\ImGui\ImGuiNotify.hpp">
      <Filter>Header Files\ImGui</Filter>
    </ClInclude>
    <ClInclude Include="src\config\config.h">
      <Filter>Source Files\config</Filter>
    </ClInclude>
    <ClInclude Include="src\utils\keys.h">
      <Filter>Source Files\utils</Filter>
    </ClInclude>
    <ClInclude Include="src\hooks\maniac.h">
      <Filter>Source Files\hooks</Filter>
    </ClInclude>
    <ClInclude Include="src\hooks\midi.h">
      <Filter>Source Files\hooks</Filter>
    </ClInclude>
    <ClInclude Include="src\gui\widgets.h">
      <Filter>Source Files\gui</Filter>
    </ClInclude>
    <ClInclude Include="src\gui\items.h">
      <Filter>Source Files\gui</Filter>
    </ClInclude>
  </ItemGroup>
  <ItemGroup>
    <ClCompile Include="include\ImGui\imgui.cpp">
      <Filter>Header Files\ImGui</Filter>
    </ClCompile>
    <ClCompile Include="include\ImGui\imgui_demo.cpp">
      <Filter>Header Files\ImGui</Filter>
    </ClCompile>
    <ClCompile Include="include\ImGui\imgui_draw.cpp">
      <Filter>Header Files\ImGui</Filter>
    </ClCompile>
    <ClCompile Include="include\ImGui\imgui_impl_dx9.cpp">
      <Filter>Header Files\ImGui</Filter>
    </ClCompile>
    <ClCompile Include="include\ImGui\imgui_impl_win32.cpp">
      <Filter>Header Files\ImGui</Filter>
    </ClCompile>
    <ClCompile Include="include\ImGui\imgui_tables.cpp">
      <Filter>Header Files\ImGui</Filter>
    </ClCompile>
    <ClCompile Include="include\ImGui\imgui_widgets.cpp">
      <Filter>Header Files\ImGui</Filter>
    </ClCompile>
    <ClCompile Include="src\dllmain.cpp">
      <Filter>Source Files</Filter>
    </ClCompile>
    <ClCompile Include="src\utils\mem.cpp">
      <Filter>Source Files\utils</Filter>
    </ClCompile>
    <ClCompile Include="src\gui\imguistyle.cpp">
      <Filter>Source Files\gui</Filter>
    </ClCompile>
    <ClCompile Include="src\overlay\overlay.cpp">
      <Filter>Source Files\overlay</Filter>
    </ClCompile>
    <ClCompile Include="src\overlay\dx9hook.cpp">
      <Filter>Source Files\overlay</Filter>
    </ClCompile>
    <ClCompile Include="src\overlay\dinputhook.cpp">
      <Filter>Source Files\overlay</Filter>
    </ClCompile>
    <ClCompile Include="src\gui\gui.cpp">
      <Filter>Source Files\gui</Filter>
    </ClCompile>
    <ClCompile Include="src\hooks\hooks.cpp">
      <Filter>Source Files\hooks</Filter>
    </ClCompile>
    <ClCompile Include="src\hooks\selectbms.cpp">
      <Filter>Source Files\hooks</Filter>
    </ClCompile>
    <ClCompile Include="src\hooks\score.cpp">
      <Filter>Source Files\hooks</Filter>
    </ClCompile>
    <ClCompile Include="src\hooks\pacemaker.cpp">
      <Filter>Source Files\hooks</Filter>
    </ClCompile>
    <ClCompile Include="src\hooks\random.cpp">
      <Filter>Source Files\hooks</Filter>
    </ClCompile>
    <ClCompile Include="src\hooks\loadingdone.cpp">
      <Filter>Source Files\hooks</Filter>
    </ClCompile>
    <ClCompile Include="src\hooks\returnmenu.cpp">
      <Filter>Source Files\hooks</Filter>
    </ClCompile>
    <ClCompile Include="src\client\client.cpp">
      <Filter>Source Files\client</Filter>
    </ClCompile>
    <ClCompile Include="src\server\server.cpp">
      <Filter>Source Files\server</Filter>
    </ClCompile>
    <ClCompile Include="src\utils\misc.cpp">
      <Filter>Source Files\utils</Filter>
    </ClCompile>
    <ClCompile Include="src\gui\mainwindow.cpp">
      <Filter>Source Files\gui</Filter>
    </ClCompile>
    <ClCompile Include="src\gui\graph.cpp">
      <Filter>Source Files\gui</Filter>
    </ClCompile>
    <ClCompile Include="include\ImGui\implot.cpp">
      <Filter>Header Files\ImGui</Filter>
    </ClCompile>
    <ClCompile Include="include\ImGui\implot_items.cpp">
      <Filter>Header Files\ImGui</Filter>
    </ClCompile>
    <ClCompile Include="src\hooks\maxscore.cpp">
      <Filter>Source Files\hooks</Filter>
    </ClCompile>
    <ClCompile Include="src\config\config.cpp">
      <Filter>Source Files\config</Filter>
    </ClCompile>
    <ClCompile Include="include\Garnet\Garnet.cpp">
      <Filter>Header Files\Garnet</Filter>
    </ClCompile>
    <ClCompile Include="src\utils\keys.cpp">
      <Filter>Source Files\utils</Filter>
    </ClCompile>
    <ClCompile Include="src\hooks\maniac.cpp">
      <Filter>Source Files\hooks</Filter>
    </ClCompile>
    <ClCompile Include="src\hooks\midi.cpp">
      <Filter>Source Files\hooks</Filter>
    </ClCompile>
    <ClCompile Include="src\gui\widgets.cpp">
      <Filter>Source Files\gui</Filter>
    </ClCompile>
    <ClCompile Include="src\gui\items.cpp">
      <Filter>Source Files\gui</Filter>
    </ClCompile>
  </ItemGroup>
</Project>